
Microsoft Visual Studio Solution File, Format Version 12.00
# Visual Studio Version 16
VisualStudioVersion = 16.0.29201.188
MinimumVisualStudioVersion = 10.0.40219.1
Project("{FAE04EC0-301F-11D3-BF4B-00C04F79EFBC}") = "NEA", "NEA.csproj", "{368E1B9C-9C0A-4869-9A4C-D3FA50CF911A}"
EndProject
Global
	GlobalSection(SolutionConfigurationPlatforms) = preSolution
		Debug|Any CPU = Debug|Any CPU
		Release|Any CPU = Release|Any CPU
	EndGlobalSection
	GlobalSection(ProjectConfigurationPlatforms) = postSolution
		{368E1B9C-9C0A-4869-9A4C-D3FA50CF911A}.Debug|Any CPU.ActiveCfg = Debug|Any CPU
		{368E1B9C-9C0A-4869-9A4C-D3FA50CF911A}.Debug|Any CPU.Build.0 = Debug|Any CPU
		{368E1B9C-9C0A-4869-9A4C-D3FA50CF911A}.Release|Any CPU.ActiveCfg = Release|Any CPU
		{368E1B9C-9C0A-4869-9A4C-D3FA50CF911A}.Release|Any CPU.Build.0 = Release|Any CPU
	EndGlobalSection
	GlobalSection(SolutionProperties) = preSolution
		HideSolutionNode = FALSE
	EndGlobalSection
	GlobalSection(ExtensibilityGlobals) = postSolution
		SolutionGuid = {CC3D3139-C9B3-4A4A-9A7E-5E93AE676D49}
	EndGlobalSection
EndGlobal
